
Microsoft Visual Studio Solution File, Format Version 11.00
# Visual Basic Express 2010
Project("{F184B08F-C81C-45F6-A57F-5ABD9991F28F}") = "ModernMaps.NET", "ModernMaps.NET\ModernMaps.NET.vbproj", "{EF515064-B176-4927-991D-9CBE4CA27417}"
EndProject
Global
	GlobalSection(SolutionConfigurationPlatforms) = preSolution
		Debug|x86 = Debug|x86
		Release|x86 = Release|x86
	EndGlobalSection
	GlobalSection(ProjectConfigurationPlatforms) = postSolution
		{EF515064-B176-4927-991D-9CBE4CA27417}.Debug|x86.ActiveCfg = Debug|x86
		{EF515064-B176-4927-991D-9CBE4CA27417}.Debug|x86.Build.0 = Debug|x86
		{EF515064-B176-4927-991D-9CBE4CA27417}.Release|x86.ActiveCfg = Release|x86
		{EF515064-B176-4927-991D-9CBE4CA27417}.Release|x86.Build.0 = Release|x86
	EndGlobalSection
	GlobalSection(SolutionProperties) = preSolution
		HideSolutionNode = FALSE
	EndGlobalSection
EndGlobal
